
Microsoft Visual Studio Solution File, Format Version 12.00
# Visual Studio Version 17
VisualStudioVersion = 17.9.34728.123
MinimumVisualStudioVersion = 10.0.40219.1
Project("{FAE04EC0-301F-11D3-BF4B-00C04F79EFBC}") = "HotelManagementSystemMain", "HotelManagementSystemMain\HotelManagementSystemMain.csproj", "{3CE7DE1C-4997-450A-AD40-EF8939090353}"
EndProject
Project("{FAE04EC0-301F-11D3-BF4B-00C04F79EFBC}") = "HotelManagementSystemClassLibrary", "HotelManagementSystemClassLibrary\HotelManagementSystemClassLibrary.csproj", "{9F5035B7-B81C-470E-A808-78A1BEC1CC91}"
EndProject
Global
	GlobalSection(SolutionConfigurationPlatforms) = preSolution
		Debug|Any CPU = Debug|Any CPU
		Release|Any CPU = Release|Any CPU
	EndGlobalSection
	GlobalSection(ProjectConfigurationPlatforms) = postSolution
		{3CE7DE1C-4997-450A-AD40-EF8939090353}.Debug|Any CPU.ActiveCfg = Debug|Any CPU
		{3CE7DE1C-4997-450A-AD40-EF8939090353}.Debug|Any CPU.Build.0 = Debug|Any CPU
		{3CE7DE1C-4997-450A-AD40-EF8939090353}.Release|Any CPU.ActiveCfg = Release|Any CPU
		{3CE7DE1C-4997-450A-AD40-EF8939090353}.Release|Any CPU.Build.0 = Release|Any CPU
		{9F5035B7-B81C-470E-A808-78A1BEC1CC91}.Debug|Any CPU.ActiveCfg = Debug|Any CPU
		{9F5035B7-B81C-470E-A808-78A1BEC1CC91}.Debug|Any CPU.Build.0 = Debug|Any CPU
		{9F5035B7-B81C-470E-A808-78A1BEC1CC91}.Release|Any CPU.ActiveCfg = Release|Any CPU
		{9F5035B7-B81C-470E-A808-78A1BEC1CC91}.Release|Any CPU.Build.0 = Release|Any CPU
	EndGlobalSection
	GlobalSection(SolutionProperties) = preSolution
		HideSolutionNode = FALSE
	EndGlobalSection
	GlobalSection(ExtensibilityGlobals) = postSolution
		SolutionGuid = {A888E02C-E3AB-49CC-B70C-D56D33B1AD3D}
	EndGlobalSection
EndGlobal
